
Microsoft Visual Studio Solution File, Format Version 12.00
# Visual Studio 2013
VisualStudioVersion = 12.0.31101.0
MinimumVisualStudioVersion = 10.0.40219.1
Project("{FAE04EC0-301F-11D3-BF4B-00C04F79EFBC}") = "Presentation", "Carolyn\Presentation.csproj", "{B8C06D5A-2333-4C10-B80A-BF199DDA4223}"
EndProject
Project("{FAE04EC0-301F-11D3-BF4B-00C04F79EFBC}") = "Data Layer", "Data Layer\Data Layer.csproj", "{A755E887-4C95-4925-AEB7-BE8886B7484C}"
EndProject
Project("{FAE04EC0-301F-11D3-BF4B-00C04F79EFBC}") = "Service Layer", "Service Layer\Service Layer.csproj", "{C3ACDE25-C2F4-44ED-987F-89572A7ED04B}"
EndProject
Global
	GlobalSection(SolutionConfigurationPlatforms) = preSolution
		Debug|Any CPU = Debug|Any CPU
		Release|Any CPU = Release|Any CPU
	EndGlobalSection
	GlobalSection(ProjectConfigurationPlatforms) = postSolution
		{B8C06D5A-2333-4C10-B80A-BF199DDA4223}.Debug|Any CPU.ActiveCfg = Debug|Any CPU
		{B8C06D5A-2333-4C10-B80A-BF199DDA4223}.Debug|Any CPU.Build.0 = Debug|Any CPU
		{B8C06D5A-2333-4C10-B80A-BF199DDA4223}.Release|Any CPU.ActiveCfg = Release|Any CPU
		{B8C06D5A-2333-4C10-B80A-BF199DDA4223}.Release|Any CPU.Build.0 = Release|Any CPU
		{A755E887-4C95-4925-AEB7-BE8886B7484C}.Debug|Any CPU.ActiveCfg = Debug|Any CPU
		{A755E887-4C95-4925-AEB7-BE8886B7484C}.Debug|Any CPU.Build.0 = Debug|Any CPU
		{A755E887-4C95-4925-AEB7-BE8886B7484C}.Release|Any CPU.ActiveCfg = Release|Any CPU
		{A755E887-4C95-4925-AEB7-BE8886B7484C}.Release|Any CPU.Build.0 = Release|Any CPU
		{C3ACDE25-C2F4-44ED-987F-89572A7ED04B}.Debug|Any CPU.ActiveCfg = Debug|Any CPU
		{C3ACDE25-C2F4-44ED-987F-89572A7ED04B}.Debug|Any CPU.Build.0 = Debug|Any CPU
		{C3ACDE25-C2F4-44ED-987F-89572A7ED04B}.Release|Any CPU.ActiveCfg = Release|Any CPU
		{C3ACDE25-C2F4-44ED-987F-89572A7ED04B}.Release|Any CPU.Build.0 = Release|Any CPU
	EndGlobalSection
	GlobalSection(SolutionProperties) = preSolution
		HideSolutionNode = FALSE
	EndGlobalSection
EndGlobal
